
Microsoft Visual Studio Solution File, Format Version 12.00
Project("{FAE04EC0-301F-11D3-BF4B-00C04F79EFBC}") = "Business", "Business\Business.csproj", "{437B3AD3-7400-466E-A79B-6B12D29290AE}"
EndProject
Project("{FAE04EC0-301F-11D3-BF4B-00C04F79EFBC}") = "Data", "Data\Data.csproj", "{C15A767C-E6A6-402D-8F9E-AFD6E839DE88}"
EndProject
Project("{FAE04EC0-301F-11D3-BF4B-00C04F79EFBC}") = "Domain", "Domain\Domain.csproj", "{B9B6910F-5AC3-4A61-B739-C28262374AAA}"
EndProject
Project("{FAE04EC0-301F-11D3-BF4B-00C04F79EFBC}") = "Presenter", "Presenter\Presenter.csproj", "{ECC16983-B7FD-4081-AE0A-292F4C271B93}"
EndProject
Global
	GlobalSection(SolutionConfigurationPlatforms) = preSolution
		Debug|Any CPU = Debug|Any CPU
		Release|Any CPU = Release|Any CPU
	EndGlobalSection
	GlobalSection(ProjectConfigurationPlatforms) = postSolution
		{437B3AD3-7400-466E-A79B-6B12D29290AE}.Debug|Any CPU.ActiveCfg = Debug|Any CPU
		{437B3AD3-7400-466E-A79B-6B12D29290AE}.Debug|Any CPU.Build.0 = Debug|Any CPU
		{437B3AD3-7400-466E-A79B-6B12D29290AE}.Release|Any CPU.ActiveCfg = Release|Any CPU
		{437B3AD3-7400-466E-A79B-6B12D29290AE}.Release|Any CPU.Build.0 = Release|Any CPU
		{C15A767C-E6A6-402D-8F9E-AFD6E839DE88}.Debug|Any CPU.ActiveCfg = Debug|Any CPU
		{C15A767C-E6A6-402D-8F9E-AFD6E839DE88}.Debug|Any CPU.Build.0 = Debug|Any CPU
		{C15A767C-E6A6-402D-8F9E-AFD6E839DE88}.Release|Any CPU.ActiveCfg = Release|Any CPU
		{C15A767C-E6A6-402D-8F9E-AFD6E839DE88}.Release|Any CPU.Build.0 = Release|Any CPU
		{B9B6910F-5AC3-4A61-B739-C28262374AAA}.Debug|Any CPU.ActiveCfg = Debug|Any CPU
		{B9B6910F-5AC3-4A61-B739-C28262374AAA}.Debug|Any CPU.Build.0 = Debug|Any CPU
		{B9B6910F-5AC3-4A61-B739-C28262374AAA}.Release|Any CPU.ActiveCfg = Release|Any CPU
		{B9B6910F-5AC3-4A61-B739-C28262374AAA}.Release|Any CPU.Build.0 = Release|Any CPU
		{ECC16983-B7FD-4081-AE0A-292F4C271B93}.Debug|Any CPU.ActiveCfg = Debug|Any CPU
		{ECC16983-B7FD-4081-AE0A-292F4C271B93}.Debug|Any CPU.Build.0 = Debug|Any CPU
		{ECC16983-B7FD-4081-AE0A-292F4C271B93}.Release|Any CPU.ActiveCfg = Release|Any CPU
		{ECC16983-B7FD-4081-AE0A-292F4C271B93}.Release|Any CPU.Build.0 = Release|Any CPU
	EndGlobalSection
EndGlobal
